
Microsoft Visual Studio Solution File, Format Version 12.00
# Visual Studio Version 16
VisualStudioVersion = 16.0.32126.315
MinimumVisualStudioVersion = 10.0.40219.1
Project("{FAE04EC0-301F-11D3-BF4B-00C04F79EFBC}") = "API-ecfinal", "API-ecfinal\API-ecfinal.csproj", "{C5BDFEE5-C0DF-4701-8DC7-F6B7C4ECA454}"
EndProject
Global
	GlobalSection(SolutionConfigurationPlatforms) = preSolution
		Debug|Any CPU = Debug|Any CPU
		Release|Any CPU = Release|Any CPU
	EndGlobalSection
	GlobalSection(ProjectConfigurationPlatforms) = postSolution
		{C5BDFEE5-C0DF-4701-8DC7-F6B7C4ECA454}.Debug|Any CPU.ActiveCfg = Debug|Any CPU
		{C5BDFEE5-C0DF-4701-8DC7-F6B7C4ECA454}.Debug|Any CPU.Build.0 = Debug|Any CPU
		{C5BDFEE5-C0DF-4701-8DC7-F6B7C4ECA454}.Release|Any CPU.ActiveCfg = Release|Any CPU
		{C5BDFEE5-C0DF-4701-8DC7-F6B7C4ECA454}.Release|Any CPU.Build.0 = Release|Any CPU
	EndGlobalSection
	GlobalSection(SolutionProperties) = preSolution
		HideSolutionNode = FALSE
	EndGlobalSection
	GlobalSection(ExtensibilityGlobals) = postSolution
		SolutionGuid = {5D416505-4F0A-4537-9838-C22F89930456}
	EndGlobalSection
EndGlobal
